
Microsoft Visual Studio Solution File, Format Version 12.00
# Visual Studio Version 16
VisualStudioVersion = 16.0.28917.182
MinimumVisualStudioVersion = 10.0.40219.1
Project("{FAE04EC0-301F-11D3-BF4B-00C04F79EFBC}") = "MarketConnecterCore", "MarketConnecterCore\MarketConnecterCore.csproj", "{84806CF3-6C22-4CFA-BFDC-2940495ED8DB}"
EndProject
Global
	GlobalSection(SolutionConfigurationPlatforms) = preSolution
		Debug|Any CPU = Debug|Any CPU
		Release|Any CPU = Release|Any CPU
	EndGlobalSection
	GlobalSection(ProjectConfigurationPlatforms) = postSolution
		{84806CF3-6C22-4CFA-BFDC-2940495ED8DB}.Debug|Any CPU.ActiveCfg = Debug|Any CPU
		{84806CF3-6C22-4CFA-BFDC-2940495ED8DB}.Debug|Any CPU.Build.0 = Debug|Any CPU
		{84806CF3-6C22-4CFA-BFDC-2940495ED8DB}.Release|Any CPU.ActiveCfg = Release|Any CPU
		{84806CF3-6C22-4CFA-BFDC-2940495ED8DB}.Release|Any CPU.Build.0 = Release|Any CPU
	EndGlobalSection
	GlobalSection(SolutionProperties) = preSolution
		HideSolutionNode = FALSE
	EndGlobalSection
	GlobalSection(ExtensibilityGlobals) = postSolution
		SolutionGuid = {CD9F1754-5287-431B-938B-A5A38C9F3439}
	EndGlobalSection
EndGlobal
